Microsoft Visual Studio Solution File, Format Version 12.00
# Visual Studio Version 17
VisualStudioVersion = 17.5.2.0
MinimumVisualStudioVersion = 10.0.40219.1
Project("{FAE04EC0-301F-11D3-BF4B-00C04F79EFBC}") = "EduManager", "EduManager.csproj", "{7EF37D39-1FEC-0300-E677-1E251124F293}"
EndProject
Global
	GlobalSection(SolutionConfigurationPlatforms) = preSolution
		Debug|Any CPU = Debug|Any CPU
		Release|Any CPU = Release|Any CPU
	EndGlobalSection
	GlobalSection(ProjectConfigurationPlatforms) = postSolution
		{7EF37D39-1FEC-0300-E677-1E251124F293}.Debug|Any CPU.ActiveCfg = Debug|Any CPU
		{7EF37D39-1FEC-0300-E677-1E251124F293}.Debug|Any CPU.Build.0 = Debug|Any CPU
		{7EF37D39-1FEC-0300-E677-1E251124F293}.Release|Any CPU.ActiveCfg = Release|Any CPU
		{7EF37D39-1FEC-0300-E677-1E251124F293}.Release|Any CPU.Build.0 = Release|Any CPU
	EndGlobalSection
	GlobalSection(SolutionProperties) = preSolution
		HideSolutionNode = FALSE
	EndGlobalSection
	GlobalSection(ExtensibilityGlobals) = postSolution
		SolutionGuid = {687D4C5A-985B-4A49-99AB-E023A30FB052}
	EndGlobalSection
EndGlobal
